// !$*UTF8*$!
{
	archiveVersion = 1;
	classes = {
	};
	objectVersion = 46;
	objects = {

/* Begin PBXBuildFile section */
		27C71DC31A9A625500B1B7D2 /* main.m in Sources */ = {isa = PBXBuildFile; fileRef = 27C71DC21A9A625500B1B7D2 /* main.m */; };
		27C71DC61A9A625500B1B7D2 /* BNRAppDelegate.m in Sources */ = {isa = PBXBuildFile; fileRef = 27C71DC51A9A625500B1B7D2 /* BNRAppDelegate.m */; };
		27C71DC81A9A625500B1B7D2 /* Images.xcassets in Resources */ = {isa = PBXBuildFile; fileRef = 27C71DC71A9A625500B1B7D2 /* Images.xcassets */; };
		27C71DD71A9A625500B1B7D2 /* QuizTests.m in Sources */ = {isa = PBXBuildFile; fileRef = 27C71DD61A9A625500B1B7D2 /* QuizTests.m */; };
		27C71DE51A9A657100B1B7D2 /* BNRQuizViewController.m in Sources */ = {isa = PBXBuildFile; fileRef = 27C71DE31A9A657100B1B7D2 /* BNRQuizViewController.m */; };
		27C71DE61A9A657100B1B7D2 /* BNRQuizViewController.xib in Resources */ = {isa = PBXBuildFile; fileRef = 27C71DE41A9A657100B1B7D2 /* BNRQuizViewController.xib */; };
/* End PBXBuildFile section */

/* Begin PBXContainerItemProxy section */
		27C71DD11A9A625500B1B7D2 /* PBXContainerItemProxy */ = {
			isa = PBXContainerItemProxy;
			containerPortal = 27C71DB51A9A625500B1B7D2 /* Project object */;
			proxyType = 1;
			remoteGlobalIDString = 27C71DBC1A9A625500B1B7D2;
			remoteInfo = Quiz;
		};
/* End PBXContainerItemProxy section */

/* Begin PBXFileReference section */
		27C71DBD1A9A625500B1B7D2 /* Quiz.app */ = {isa = PBXFileReference; explicitFileType = wrapper.application; includeInIndex = 0; path = Quiz.app; sourceTree = BUILT_PRODUCTS_DIR; };
		27C71DC11A9A625500B1B7D2 /* Info.plist */ = {isa = PBXFileReference; lastKnownFileType = text.plist.xml; path = Info.plist; sourceTree = "<group>"; };
		27C71DC21A9A625500B1B7D2 /* main.m */ = {isa = PBXFileReference; lastKnownFileType = sourcecode.c.objc; path = main.m; sourceTree = "<group>"; };
		27C71DC41A9A625500B1B7D2 /* BNRAppDelegate.h */ = {isa = PBXFileReference; lastKnownFileType = sourcecode.c.h; path = BNRAppDelegate.h; sourceTree = "<group>"; };
		27C71DC51A9A625500B1B7D2 /* BNRAppDelegate.m */ = {isa = PBXFileReference; lastKnownFileType = sourcecode.c.objc; path = BNRAppDelegate.m; sourceTree = "<group>"; };
		27C71DC71A9A625500B1B7D2 /* Images.xcassets */ = {isa = PBXFileReference; lastKnownFileType = folder.assetcatalog; path = Images.xcassets; sourceTree = "<group>"; };
		27C71DD01A9A625500B1B7D2 /* QuizTests.xctest */ = {isa = PBXFileReference; explicitFileType = wrapper.cfbundle; includeInIndex = 0; path = QuizTests.xctest; sourceTree = BUILT_PRODUCTS_DIR; };
		27C71DD51A9A625500B1B7D2 /* Info.plist */ = {isa = PBXFileReference; lastKnownFileType = text.plist.xml; path = Info.plist; sourceTree = "<group>"; };
		27C71DD61A9A625500B1B7D2 /* QuizTests.m */ = {isa = PBXFileReference; lastKnownFileType = sourcecode.c.objc; path = QuizTests.m; sourceTree = "<group>"; };
		27C71DE21A9A657100B1B7D2 /* BNRQuizViewController.h */ = {isa = PBXFileReference; fileEncoding = 4; lastKnownFileType = sourcecode.c.h; path = BNRQuizViewController.h; sourceTree = "<group>"; };
		27C71DE31A9A657100B1B7D2 /* BNRQuizViewController.m */ = {isa = PBXFileReference; fileEncoding = 4; lastKnownFileType = sourcecode.c.objc; path = BNRQuizViewController.m; sourceTree = "<group>"; };
		27C71DE41A9A657100B1B7D2 /* BNRQuizViewController.xib */ = {isa = PBXFileReference; fileEncoding = 4; lastKnownFileType = file.xib; path = BNRQuizViewController.xib; sourceTree = "<group>"; };
/* End PBXFileReference section */

/* Begin PBXFrameworksBuildPhase section */
		27C71DBA1A9A625500B1B7D2 /* Frameworks */ = {
			isa = PBXFrameworksBuildPhase;
			buildActionMask = 2147483647;
			files = (
			);
			runOnlyForDeploymentPostprocessing = 0;
		};
		27C71DCD1A9A625500B1B7D2 /* Frameworks */ = {
			isa = PBXFrameworksBuildPhase;
			buildActionMask = 2147483647;
			files = (
			);
			runOnlyForDeploymentPostprocessing = 0;
		};
/* End PBXFrameworksBuildPhase section */

/* Begin PBXGroup section */
		27C71DB41A9A625500B1B7D2 = {
			isa = PBXGroup;
			children = (
				27C71DBF1A9A625500B1B7D2 /* Quiz */,
				27C71DD31A9A625500B1B7D2 /* QuizTests */,
				27C71DBE1A9A625500B1B7D2 /* Products */,
			);
			sourceTree = "<group>";
		};
		27C71DBE1A9A625500B1B7D2 /* Products */ = {
			isa = PBXGroup;
			children = (
				27C71DBD1A9A625500B1B7D2 /* Quiz.app */,
				27C71DD01A9A625500B1B7D2 /* QuizTests.xctest */,
			);
			name = Products;
			sourceTree = "<group>";
		};
		27C71DBF1A9A625500B1B7D2 /* Quiz */ = {
			isa = PBXGroup;
			children = (
				27C71DC41A9A625500B1B7D2 /* BNRAppDelegate.h */,
				27C71DC51A9A625500B1B7D2 /* BNRAppDelegate.m */,
				27C71DC71A9A625500B1B7D2 /* Images.xcassets */,
				27C71DC01A9A625500B1B7D2 /* Supporting Files */,
				27C71DE21A9A657100B1B7D2 /* BNRQuizViewController.h */,
				27C71DE31A9A657100B1B7D2 /* BNRQuizViewController.m */,
				27C71DE41A9A657100B1B7D2 /* BNRQuizViewController.xib */,
			);
			path = Quiz;
			sourceTree = "<group>";
		};
		27C71DC01A9A625500B1B7D2 /* Supporting Files */ = {
			isa = PBXGroup;
			children = (
				27C71DC11A9A625500B1B7D2 /* Info.plist */,
				27C71DC21A9A625500B1B7D2 /* main.m */,
			);
			name = "Supporting Files";
			sourceTree = "<group>";
		};
		27C71DD31A9A625500B1B7D2 /* QuizTests */ = {
			isa = PBXGroup;
			children = (
				27C71DD61A9A625500B1B7D2 /* QuizTests.m */,
				27C71DD41A9A625500B1B7D2 /* Supporting Files */,
			);
			path = QuizTests;
			sourceTree = "<group>";
		};
		27C71DD41A9A625500B1B7D2 /* Supporting Files */ = {
			isa = PBXGroup;
			children = (
				27C71DD51A9A625500B1B7D2 /* Info.plist */,
			);
			name = "Supporting Files";
			sourceTree = "<group>";
		};
/* End PBXGroup section */

/* Begin PBXNativeTarget section */
		27C71DBC1A9A625500B1B7D2 /* Quiz */ = {
			isa = PBXNativeTarget;
			buildConfigurationList = 27C71DDA1A9A625500B1B7D2 /* Build configuration list for PBXNativeTarget "Quiz" */;
			buildPhases = (
				27C71DB91A9A625500B1B7D2 /* Sources */,
				27C71DBA1A9A625500B1B7D2 /* Frameworks */,
				27C71DBB1A9A625500B1B7D2 /* Resources */,
			);
			buildRules = (
			);
			dependencies = (
			);
			name = Quiz;
			productName = Quiz;
			productReference = 27C71DBD1A9A625500B1B7D2 /* Quiz.app */;
			productType = "com.apple.product-type.application";
		};
		27C71DCF1A9A625500B1B7D2 /* QuizTests */ = {
			isa = PBXNativeTarget;
			buildConfigurationList = 27C71DDD1A9A625500B1B7D2 /* Build configuration list for PBXNativeTarget "QuizTests" */;
			buildPhases = (
				27C71DCC1A9A625500B1B7D2 /* Sources */,
				27C71DCD1A9A625500B1B7D2 /* Frameworks */,
				27C71DCE1A9A625500B1B7D2 /* Resources */,
			);
			buildRules = (
			);
			dependencies = (
				27C71DD21A9A625500B1B7D2 /* PBXTargetDependency */,
			);
			name = QuizTests;
			productName = QuizTests;
			productReference = 27C71DD01A9A625500B1B7D2 /* QuizTests.xctest */;
			productType = "com.apple.product-type.bundle.unit-test";
		};
/* End PBXNativeTarget section */

/* Begin PBXProject section */
		27C71DB51A9A625500B1B7D2 /* Project object */ = {
			isa = PBXProject;
			attributes = {
				LastUpgradeCheck = 0610;
				ORGANIZATIONNAME = mike;
				TargetAttributes = {
					27C71DBC1A9A625500B1B7D2 = {
						CreatedOnToolsVersion = 6.1.1;
					};
					27C71DCF1A9A625500B1B7D2 = {
						CreatedOnToolsVersion = 6.1.1;
						TestTargetID = 27C71DBC1A9A625500B1B7D2;
					};
				};
			};
			buildConfigurationList = 27C71DB81A9A625500B1B7D2 /* Build configuration list for PBXProject "Quiz" */;
			compatibilityVersion = "Xcode 3.2";
			developmentRegion = English;
			hasScannedForEncodings = 0;
			knownRegions = (
				en,
				Base,
			);
			mainGroup = 27C71DB41A9A625500B1B7D2;
			productRefGroup = 27C71DBE1A9A625500B1B7D2 /* Products */;
			projectDirPath = "";
			projectRoot = "";
			targets = (
				27C71DBC1A9A625500B1B7D2 /* Quiz */,
				27C71DCF1A9A625500B1B7D2 /* QuizTests */,
			);
		};
/* End PBXProject section */

/* Begin PBXResourcesBuildPhase section */
		27C71DBB1A9A625500B1B7D2 /* Resources */ = {
			isa = PBXResourcesBuildPhase;
			buildActionMask = 2147483647;
			files = (
				27C71DE61A9A657100B1B7D2 /* BNRQuizViewController.xib in Resources */,
				27C71DC81A9A625500B1B7D2 /* Images.xcassets in Resources */,
			);
			runOnlyForDeploymentPostprocessing = 0;
		};
		27C71DCE1A9A625500B1B7D2 /* Resources */ = {
			isa = PBXResourcesBuildPhase;
			buildActionMask = 2147483647;
			files = (
			);
			runOnlyForDeploymentPostprocessing = 0;
		};
/* End PBXResourcesBuildPhase section */

/* Begin PBXSourcesBuildPhase section */
		27C71DB91A9A625500B1B7D2 /* Sources */ = {
			isa = PBXSourcesBuildPhase;
			buildActionMask = 2147483647;
			files = (
				27C71DC61A9A625500B1B7D2 /* BNRAppDelegate.m in Sources */,
				27C71DC31A9A625500B1B7D2 /* main.m in Sources */,
				27C71DE51A9A657100B1B7D2 /* BNRQuizViewController.m in Sources */,
			);
			runOnlyForDeploymentPostprocessing = 0;
		};
		27C71DCC1A9A625500B1B7D2 /* Sources */ = {
			isa = PBXSourcesBuildPhase;
			buildActionMask = 2147483647;
			files = (
				27C71DD71A9A625500B1B7D2 /* QuizTests.m in Sources */,
			);
			runOnlyForDeploymentPostprocessing = 0;
		};
/* End PBXSourcesBuildPhase section */

/* Begin PBXTargetDependency section */
		27C71DD21A9A625500B1B7D2 /* PBXTargetDependency */ = {
			isa = PBXTargetDependency;
			target = 27C71DBC1A9A625500B1B7D2 /* Quiz */;
			targetProxy = 27C71DD11A9A625500B1B7D2 /* PBXContainerItemProxy */;
		};
/* End PBXTargetDependency section */

/* Begin XCBuildConfiguration section */
		27C71DD81A9A625500B1B7D2 /* Debug */ = {
			isa = XCBuildConfiguration;
			buildSettings = {
				ALWAYS_SEARCH_USER_PATHS = NO;
				CLANG_CXX_LANGUAGE_STANDARD = "gnu++0x";
				CLANG_CXX_LIBRARY = "libc++";
				CLANG_ENABLE_MODULES = YES;
				CLANG_ENABLE_OBJC_ARC = YES;
				CLANG_WARN_BOOL_CONVERSION = YES;
				CLANG_WARN_CONSTANT_CONVERSION = YES;
				CLANG_WARN_DIRECT_OBJC_ISA_USAGE = YES_ERROR;
				CLANG_WARN_EMPTY_BODY = YES;
				CLANG_WARN_ENUM_CONVERSION = YES;
				CLANG_WARN_INT_CONVERSION = YES;
				CLANG_WARN_OBJC_ROOT_CLASS = YES_ERROR;
				CLANG_WARN_UNREACHABLE_CODE = YES;
				CLANG_WARN__DUPLICATE_METHOD_MATCH = YES;
				"CODE_SIGN_IDENTITY[sdk=iphoneos*]" = "iPhone Developer";
				COPY_PHASE_STRIP = NO;
				ENABLE_STRICT_OBJC_MSGSEND = YES;
				GCC_C_LANGUAGE_STANDARD = gnu99;
				GCC_DYNAMIC_NO_PIC = NO;
				GCC_OPTIMIZATION_LEVEL = 0;
				GCC_PREPROCESSOR_DEFINITIONS = (
					"DEBUG=1",
					"$(inherited)",
				);
				GCC_SYMBOLS_PRIVATE_EXTERN = NO;
				GCC_WARN_64_TO_32_BIT_CONVERSION = YES;
				GCC_WARN_ABOUT_RETURN_TYPE = YES_ERROR;
				GCC_WARN_UNDECLARED_SELECTOR = YES;
				GCC_WARN_UNINITIALIZED_AUTOS = YES_AGGRESSIVE;
				GCC_WARN_UNUSED_FUNCTION = YES;
				GCC_WARN_UNUSED_VARIABLE = YES;
				IPHONEOS_DEPLOYMENT_TARGET = 8.1;
				MTL_ENABLE_DEBUG_INFO = YES;
				ONLY_ACTIVE_ARCH = YES;
				SDKROOT = iphoneos;
				TARGETED_DEVICE_FAMILY = "1,2";
			};
			name = Debug;
		};
		27C71DD91A9A625500B1B7D2 /* Release */ = {
			isa = XCBuildConfiguration;
			buildSettings = {
				ALWAYS_SEARCH_USER_PATHS = NO;
				CLANG_CXX_LANGUAGE_STANDARD = "gnu++0x";
				CLANG_CXX_LIBRARY = "libc++";
				CLANG_ENABLE_MODULES = YES;
				CLANG_ENABLE_OBJC_ARC = YES;
				CLANG_WARN_BOOL_CONVERSION = YES;
				CLANG_WARN_CONSTANT_CONVERSION = YES;
				CLANG_WARN_DIRECT_OBJC_ISA_USAGE = YES_ERROR;
				CLANG_WARN_EMPTY_BODY = YES;
				CLANG_WARN_ENUM_CONVERSION = YES;
				CLANG_WARN_INT_CONVERSION = YES;
				CLANG_WARN_OBJC_ROOT_CLASS = YES_ERROR;
				CLANG_WARN_UNREACHABLE_CODE = YES;
				CLANG_WARN__DUPLICATE_METHOD_MATCH = YES;
				"CODE_SIGN_IDENTITY[sdk=iphoneos*]" = "iPhone Developer";
				COPY_PHASE_STRIP = YES;
				ENABLE_NS_ASSERTIONS = NO;
				ENABLE_STRICT_OBJC_MSGSEND = YES;
				GCC_C_LANGUAGE_STANDARD = gnu99;
				GCC_WARN_64_TO_32_BIT_CONVERSION = YES;
				GCC_WARN_ABOUT_RETURN_TYPE = YES_ERROR;
				GCC_WARN_UNDECLARED_SELECTOR = YES;
				GCC_WARN_UNINITIALIZED_AUTOS = YES_AGGRESSIVE;
				GCC_WARN_UNUSED_FUNCTION = YES;
				GCC_WARN_UNUSED_VARIABLE = YES;
				IPHONEOS_DEPLOYMENT_TARGET = 8.1;
				MTL_ENABLE_DEBUG_INFO = NO;
				SDKROOT = iphoneos;
				TARGETED_DEVICE_FAMILY = "1,2";
				VALIDATE_PRODUCT = YES;
			};
			name = Release;
		};
		27C71DDB1A9A625500B1B7D2 /* Debug */ = {
			isa = XCBuildConfiguration;
			buildSettings = {
				ASSETCATALOG_COMPILER_APPICON_NAME = AppIcon;
				INFOPLIST_FILE = Quiz/Info.plist;
				LD_RUNPATH_SEARCH_PATHS = "$(inherited) @executable_path/Frameworks";
				PRODUCT_NAME = "$(TARGET_NAME)";
			};
			name = Debug;
		};
		27C71DDC1A9A625500B1B7D2 /* Release */ = {
			isa = XCBuildConfiguration;
			buildSettings = {
				ASSETCATALOG_COMPILER_APPICON_NAME = AppIcon;
				INFOPLIST_FILE = Quiz/Info.plist;
				LD_RUNPATH_SEARCH_PATHS = "$(inherited) @executable_path/Frameworks";
				PRODUCT_NAME = "$(TARGET_NAME)";
			};
			name = Release;
		};
		27C71DDE1A9A625500B1B7D2 /* Debug */ = {
			isa = XCBuildConfiguration;
			buildSettings = {
				BUNDLE_LOADER = "$(TEST_HOST)";
				FRAMEWORK_SEARCH_PATHS = (
					"$(SDKROOT)/Developer/Library/Frameworks",
					"$(inherited)",
				);
				GCC_PREPROCESSOR_DEFINITIONS = (
					"DEBUG=1",
					"$(inherited)",
				);
				INFOPLIST_FILE = QuizTests/Info.plist;
				LD_RUNPATH_SEARCH_PATHS = "$(inherited) @executable_path/Frameworks @loader_path/Frameworks";
				PRODUCT_NAME = "$(TARGET_NAME)";
				TEST_HOST = "$(BUILT_PRODUCTS_DIR)/Quiz.app/Quiz";
			};
			name = Debug;
		};
		27C71DDF1A9A625500B1B7D2 /* Release */ = {
			isa = XCBuildConfiguration;
			buildSettings = {
				BUNDLE_LOADER = "$(TEST_HOST)";
				FRAMEWORK_SEARCH_PATHS = (
					"$(SDKROOT)/Developer/Library/Frameworks",
					"$(inherited)",
				);
				INFOPLIST_FILE = QuizTests/Info.plist;
				LD_RUNPATH_SEARCH_PATHS = "$(inherited) @executable_path/Frameworks @loader_path/Frameworks";
				PRODUCT_NAME = "$(TARGET_NAME)";
				TEST_HOST = "$(BUILT_PRODUCTS_DIR)/Quiz.app/Quiz";
			};
			name = Release;
		};
/* End XCBuildConfiguration section */

/* Begin XCConfigurationList section */
		27C71DB81A9A625500B1B7D2 /* Build configuration list for PBXProject "Quiz" */ = {
			isa = XCConfigurationList;
			buildConfigurations = (
				27C71DD81A9A625500B1B7D2 /* Debug */,
				27C71DD91A9A625500B1B7D2 /* Release */,
			);
			defaultConfigurationIsVisible = 0;
			defaultConfigurationName = Release;
		};
		27C71DDA1A9A625500B1B7D2 /* Build configuration list for PBXNativeTarget "Quiz" */ = {
			isa = XCConfigurationList;
			buildConfigurations = (
				27C71DDB1A9A625500B1B7D2 /* Debug */,
				27C71DDC1A9A625500B1B7D2 /* Release */,
			);
			defaultConfigurationIsVisible = 0;
			defaultConfigurationName = Release;
		};
		27C71DDD1A9A625500B1B7D2 /* Build configuration list for PBXNativeTarget "QuizTests" */ = {
			isa = XCConfigurationList;
			buildConfigurations = (
				27C71DDE1A9A625500B1B7D2 /* Debug */,
				27C71DDF1A9A625500B1B7D2 /* Release */,
			);
			defaultConfigurationIsVisible = 0;
			defaultConfigurationName = Release;
		};
/* End XCConfigurationList section */
	};
	rootObject = 27C71DB51A9A625500B1B7D2 /* Project object */;
}
